
Microsoft Visual Studio Solution File, Format Version 12.00
# Visual Studio Version 17
VisualStudioVersion = 17.8.34525.116
MinimumVisualStudioVersion = 10.0.40219.1
Project("{FAE04EC0-301F-11D3-BF4B-00C04F79EFBC}") = "Lecture4_HW_4.1_Additional", "Lecture4_HW_4.1_Additional\Lecture4_HW_4.1_Additional.csproj", "{1B62776A-FFC0-4C3C-B0E6-8988CC869FAF}"
EndProject
Global
	GlobalSection(SolutionConfigurationPlatforms) = preSolution
		Debug|Any CPU = Debug|Any CPU
		Release|Any CPU = Release|Any CPU
	EndGlobalSection
	GlobalSection(ProjectConfigurationPlatforms) = postSolution
		{1B62776A-FFC0-4C3C-B0E6-8988CC869FAF}.Debug|Any CPU.ActiveCfg = Debug|Any CPU
		{1B62776A-FFC0-4C3C-B0E6-8988CC869FAF}.Debug|Any CPU.Build.0 = Debug|Any CPU
		{1B62776A-FFC0-4C3C-B0E6-8988CC869FAF}.Release|Any CPU.ActiveCfg = Release|Any CPU
		{1B62776A-FFC0-4C3C-B0E6-8988CC869FAF}.Release|Any CPU.Build.0 = Release|Any CPU
	EndGlobalSection
	GlobalSection(SolutionProperties) = preSolution
		HideSolutionNode = FALSE
	EndGlobalSection
	GlobalSection(ExtensibilityGlobals) = postSolution
		SolutionGuid = {7054C8D1-FEF9-4548-8A17-A7F84A61D1F8}
	EndGlobalSection
EndGlobal
